// !$*UTF8*$!
{
	archiveVersion = 1;
	classes = {
	};
	objectVersion = 50;
	objects = {

/* Begin PBXBuildFile section */
		32692C7D24A76C180032FDFB /* WorkingHours.swift in Sources */ = {isa = PBXBuildFile; fileRef = 32692C7C24A76C180032FDFB /* WorkingHours.swift */; };
		327B232C24855BD700D56A73 /* AppDelegate.swift in Sources */ = {isa = PBXBuildFile; fileRef = 327B232B24855BD700D56A73 /* AppDelegate.swift */; };
		327B232E24855BD700D56A73 /* SceneDelegate.swift in Sources */ = {isa = PBXBuildFile; fileRef = 327B232D24855BD700D56A73 /* SceneDelegate.swift */; };
		327B233124855BD700D56A73 /* Time_Tracker.xcdatamodeld in Sources */ = {isa = PBXBuildFile; fileRef = 327B232F24855BD700D56A73 /* Time_Tracker.xcdatamodeld */; };
		327B233324855BD700D56A73 /* ContentView.swift in Sources */ = {isa = PBXBuildFile; fileRef = 327B233224855BD700D56A73 /* ContentView.swift */; };
		327B233524855BDA00D56A73 /* Assets.xcassets in Resources */ = {isa = PBXBuildFile; fileRef = 327B233424855BDA00D56A73 /* Assets.xcassets */; };
		327B233824855BDA00D56A73 /* Preview Assets.xcassets in Resources */ = {isa = PBXBuildFile; fileRef = 327B233724855BDA00D56A73 /* Preview Assets.xcassets */; };
		327B233B24855BDA00D56A73 /* LaunchScreen.storyboard in Resources */ = {isa = PBXBuildFile; fileRef = 327B233924855BDA00D56A73 /* LaunchScreen.storyboard */; };
		327B234624855BDB00D56A73 /* Time_TrackerTests.swift in Sources */ = {isa = PBXBuildFile; fileRef = 327B234524855BDB00D56A73 /* Time_TrackerTests.swift */; };
		327B235124855BDB00D56A73 /* Time_TrackerUITests.swift in Sources */ = {isa = PBXBuildFile; fileRef = 327B235024855BDB00D56A73 /* Time_TrackerUITests.swift */; };
/* End PBXBuildFile section */

/* Begin PBXContainerItemProxy section */
		327B234224855BDB00D56A73 /* PBXContainerItemProxy */ = {
			isa = PBXContainerItemProxy;
			containerPortal = 327B232024855BD700D56A73 /* Project object */;
			proxyType = 1;
			remoteGlobalIDString = 327B232724855BD700D56A73;
			remoteInfo = "Time Tracker";
		};
		327B234D24855BDB00D56A73 /* PBXContainerItemProxy */ = {
			isa = PBXContainerItemProxy;
			containerPortal = 327B232024855BD700D56A73 /* Project object */;
			proxyType = 1;
			remoteGlobalIDString = 327B232724855BD700D56A73;
			remoteInfo = "Time Tracker";
		};
/* End PBXContainerItemProxy section */

/* Begin PBXFileReference section */
		32692C7C24A76C180032FDFB /* WorkingHours.swift */ = {isa = PBXFileReference; fileEncoding = 4; lastKnownFileType = sourcecode.swift; path = WorkingHours.swift; sourceTree = "<group>"; };
		327B232824855BD700D56A73 /* Time Tracker.app */ = {isa = PBXFileReference; explicitFileType = wrapper.application; includeInIndex = 0; path = "Time Tracker.app"; sourceTree = BUILT_PRODUCTS_DIR; };
		327B232B24855BD700D56A73 /* AppDelegate.swift */ = {isa = PBXFileReference; lastKnownFileType = sourcecode.swift; path = AppDelegate.swift; sourceTree = "<group>"; };
		327B232D24855BD700D56A73 /* SceneDelegate.swift */ = {isa = PBXFileReference; lastKnownFileType = sourcecode.swift; path = SceneDelegate.swift; sourceTree = "<group>"; };
		327B233024855BD700D56A73 /* Time_Tracker.xcdatamodel */ = {isa = PBXFileReference; lastKnownFileType = wrapper.xcdatamodel; path = Time_Tracker.xcdatamodel; sourceTree = "<group>"; };
		327B233224855BD700D56A73 /* ContentView.swift */ = {isa = PBXFileReference; lastKnownFileType = sourcecode.swift; path = ContentView.swift; sourceTree = "<group>"; };
		327B233424855BDA00D56A73 /* Assets.xcassets */ = {isa = PBXFileReference; lastKnownFileType = folder.assetcatalog; path = Assets.xcassets; sourceTree = "<group>"; };
		327B233724855BDA00D56A73 /* Preview Assets.xcassets */ = {isa = PBXFileReference; lastKnownFileType = folder.assetcatalog; path = "Preview Assets.xcassets"; sourceTree = "<group>"; };
		327B233A24855BDA00D56A73 /* Base */ = {isa = PBXFileReference; lastKnownFileType = file.storyboard; name = Base; path = Base.lproj/LaunchScreen.storyboard; sourceTree = "<group>"; };
		327B233C24855BDA00D56A73 /* Info.plist */ = {isa = PBXFileReference; lastKnownFileType = text.plist.xml; path = Info.plist; sourceTree = "<group>"; };
		327B234124855BDB00D56A73 /* Time TrackerTests.xctest */ = {isa = PBXFileReference; explicitFileType = wrapper.cfbundle; includeInIndex = 0; path = "Time TrackerTests.xctest"; sourceTree = BUILT_PRODUCTS_DIR; };
		327B234524855BDB00D56A73 /* Time_TrackerTests.swift */ = {isa = PBXFileReference; lastKnownFileType = sourcecode.swift; path = Time_TrackerTests.swift; sourceTree = "<group>"; };
		327B234724855BDB00D56A73 /* Info.plist */ = {isa = PBXFileReference; lastKnownFileType = text.plist.xml; path = Info.plist; sourceTree = "<group>"; };
		327B234C24855BDB00D56A73 /* Time TrackerUITests.xctest */ = {isa = PBXFileReference; explicitFileType = wrapper.cfbundle; includeInIndex = 0; path = "Time TrackerUITests.xctest"; sourceTree = BUILT_PRODUCTS_DIR; };
		327B235024855BDB00D56A73 /* Time_TrackerUITests.swift */ = {isa = PBXFileReference; lastKnownFileType = sourcecode.swift; path = Time_TrackerUITests.swift; sourceTree = "<group>"; };
		327B235224855BDB00D56A73 /* Info.plist */ = {isa = PBXFileReference; lastKnownFileType = text.plist.xml; path = Info.plist; sourceTree = "<group>"; };
		327B235E24855D7000D56A73 /* Time Tracker.entitlements */ = {isa = PBXFileReference; lastKnownFileType = text.plist.entitlements; path = "Time Tracker.entitlements"; sourceTree = "<group>"; };
/* End PBXFileReference section */

/* Begin PBXFrameworksBuildPhase section */
		327B232524855BD700D56A73 /* Frameworks */ = {
			isa = PBXFrameworksBuildPhase;
			buildActionMask = 2147483647;
			files = (
			);
			runOnlyForDeploymentPostprocessing = 0;
		};
		327B233E24855BDB00D56A73 /* Frameworks */ = {
			isa = PBXFrameworksBuildPhase;
			buildActionMask = 2147483647;
			files = (
			);
			runOnlyForDeploymentPostprocessing = 0;
		};
		327B234924855BDB00D56A73 /* Frameworks */ = {
			isa = PBXFrameworksBuildPhase;
			buildActionMask = 2147483647;
			files = (
			);
			runOnlyForDeploymentPostprocessing = 0;
		};
/* End PBXFrameworksBuildPhase section */

/* Begin PBXGroup section */
		32329302249186DD00B6B2DA /* Models */ = {
			isa = PBXGroup;
			children = (
				32692C7C24A76C180032FDFB /* WorkingHours.swift */,
			);
			path = Models;
			sourceTree = "<group>";
		};
		327B231F24855BD700D56A73 = {
			isa = PBXGroup;
			children = (
				327B232A24855BD700D56A73 /* Time Tracker */,
				327B234424855BDB00D56A73 /* Time TrackerTests */,
				327B234F24855BDB00D56A73 /* Time TrackerUITests */,
				327B232924855BD700D56A73 /* Products */,
			);
			sourceTree = "<group>";
		};
		327B232924855BD700D56A73 /* Products */ = {
			isa = PBXGroup;
			children = (
				327B232824855BD700D56A73 /* Time Tracker.app */,
				327B234124855BDB00D56A73 /* Time TrackerTests.xctest */,
				327B234C24855BDB00D56A73 /* Time TrackerUITests.xctest */,
			);
			name = Products;
			sourceTree = "<group>";
		};
		327B232A24855BD700D56A73 /* Time Tracker */ = {
			isa = PBXGroup;
			children = (
				32329302249186DD00B6B2DA /* Models */,
				327B235E24855D7000D56A73 /* Time Tracker.entitlements */,
				327B232B24855BD700D56A73 /* AppDelegate.swift */,
				327B232D24855BD700D56A73 /* SceneDelegate.swift */,
				327B233224855BD700D56A73 /* ContentView.swift */,
				327B233424855BDA00D56A73 /* Assets.xcassets */,
				327B233924855BDA00D56A73 /* LaunchScreen.storyboard */,
				327B233C24855BDA00D56A73 /* Info.plist */,
				327B232F24855BD700D56A73 /* Time_Tracker.xcdatamodeld */,
				327B233624855BDA00D56A73 /* Preview Content */,
			);
			path = "Time Tracker";
			sourceTree = "<group>";
		};
		327B233624855BDA00D56A73 /* Preview Content */ = {
			isa = PBXGroup;
			children = (
				327B233724855BDA00D56A73 /* Preview Assets.xcassets */,
			);
			path = "Preview Content";
			sourceTree = "<group>";
		};
		327B234424855BDB00D56A73 /* Time TrackerTests */ = {
			isa = PBXGroup;
			children = (
				327B234524855BDB00D56A73 /* Time_TrackerTests.swift */,
				327B234724855BDB00D56A73 /* Info.plist */,
			);
			path = "Time TrackerTests";
			sourceTree = "<group>";
		};
		327B234F24855BDB00D56A73 /* Time TrackerUITests */ = {
			isa = PBXGroup;
			children = (
				327B235024855BDB00D56A73 /* Time_TrackerUITests.swift */,
				327B235224855BDB00D56A73 /* Info.plist */,
			);
			path = "Time TrackerUITests";
			sourceTree = "<group>";
		};
/* End PBXGroup section */

/* Begin PBXNativeTarget section */
		327B232724855BD700D56A73 /* Time Tracker */ = {
			isa = PBXNativeTarget;
			buildConfigurationList = 327B235524855BDB00D56A73 /* Build configuration list for PBXNativeTarget "Time Tracker" */;
			buildPhases = (
				327B232424855BD700D56A73 /* Sources */,
				327B232524855BD700D56A73 /* Frameworks */,
				327B232624855BD700D56A73 /* Resources */,
			);
			buildRules = (
			);
			dependencies = (
			);
			name = "Time Tracker";
			productName = "Time Tracker";
			productReference = 327B232824855BD700D56A73 /* Time Tracker.app */;
			productType = "com.apple.product-type.application";
		};
		327B234024855BDB00D56A73 /* Time TrackerTests */ = {
			isa = PBXNativeTarget;
			buildConfigurationList = 327B235824855BDB00D56A73 /* Build configuration list for PBXNativeTarget "Time TrackerTests" */;
			buildPhases = (
				327B233D24855BDB00D56A73 /* Sources */,
				327B233E24855BDB00D56A73 /* Frameworks */,
				327B233F24855BDB00D56A73 /* Resources */,
			);
			buildRules = (
			);
			dependencies = (
				327B234324855BDB00D56A73 /* PBXTargetDependency */,
			);
			name = "Time TrackerTests";
			productName = "Time TrackerTests";
			productReference = 327B234124855BDB00D56A73 /* Time TrackerTests.xctest */;
			productType = "com.apple.product-type.bundle.unit-test";
		};
		327B234B24855BDB00D56A73 /* Time TrackerUITests */ = {
			isa = PBXNativeTarget;
			buildConfigurationList = 327B235B24855BDB00D56A73 /* Build configuration list for PBXNativeTarget "Time TrackerUITests" */;
			buildPhases = (
				327B234824855BDB00D56A73 /* Sources */,
				327B234924855BDB00D56A73 /* Frameworks */,
				327B234A24855BDB00D56A73 /* Resources */,
			);
			buildRules = (
			);
			dependencies = (
				327B234E24855BDB00D56A73 /* PBXTargetDependency */,
			);
			name = "Time TrackerUITests";
			productName = "Time TrackerUITests";
			productReference = 327B234C24855BDB00D56A73 /* Time TrackerUITests.xctest */;
			productType = "com.apple.product-type.bundle.ui-testing";
		};
/* End PBXNativeTarget section */

/* Begin PBXProject section */
		327B232024855BD700D56A73 /* Project object */ = {
			isa = PBXProject;
			attributes = {
				LastSwiftUpdateCheck = 1150;
				LastUpgradeCheck = 1150;
				ORGANIZATIONNAME = Schwandt;
				TargetAttributes = {
					327B232724855BD700D56A73 = {
						CreatedOnToolsVersion = 11.5;
					};
					327B234024855BDB00D56A73 = {
						CreatedOnToolsVersion = 11.5;
						TestTargetID = 327B232724855BD700D56A73;
					};
					327B234B24855BDB00D56A73 = {
						CreatedOnToolsVersion = 11.5;
						TestTargetID = 327B232724855BD700D56A73;
					};
				};
			};
			buildConfigurationList = 327B232324855BD700D56A73 /* Build configuration list for PBXProject "Time Tracker" */;
			compatibilityVersion = "Xcode 9.3";
			developmentRegion = en;
			hasScannedForEncodings = 0;
			knownRegions = (
				en,
				Base,
			);
			mainGroup = 327B231F24855BD700D56A73;
			productRefGroup = 327B232924855BD700D56A73 /* Products */;
			projectDirPath = "";
			projectRoot = "";
			targets = (
				327B232724855BD700D56A73 /* Time Tracker */,
				327B234024855BDB00D56A73 /* Time TrackerTests */,
				327B234B24855BDB00D56A73 /* Time TrackerUITests */,
			);
		};
/* End PBXProject section */

/* Begin PBXResourcesBuildPhase section */
		327B232624855BD700D56A73 /* Resources */ = {
			isa = PBXResourcesBuildPhase;
			buildActionMask = 2147483647;
			files = (
				327B233B24855BDA00D56A73 /* LaunchScreen.storyboard in Resources */,
				327B233824855BDA00D56A73 /* Preview Assets.xcassets in Resources */,
				327B233524855BDA00D56A73 /* Assets.xcassets in Resources */,
			);
			runOnlyForDeploymentPostprocessing = 0;
		};
		327B233F24855BDB00D56A73 /* Resources */ = {
			isa = PBXResourcesBuildPhase;
			buildActionMask = 2147483647;
			files = (
			);
			runOnlyForDeploymentPostprocessing = 0;
		};
		327B234A24855BDB00D56A73 /* Resources */ = {
			isa = PBXResourcesBuildPhase;
			buildActionMask = 2147483647;
			files = (
			);
			runOnlyForDeploymentPostprocessing = 0;
		};
/* End PBXResourcesBuildPhase section */

/* Begin PBXSourcesBuildPhase section */
		327B232424855BD700D56A73 /* Sources */ = {
			isa = PBXSourcesBuildPhase;
			buildActionMask = 2147483647;
			files = (
				32692C7D24A76C180032FDFB /* WorkingHours.swift in Sources */,
				327B232C24855BD700D56A73 /* AppDelegate.swift in Sources */,
				327B233124855BD700D56A73 /* Time_Tracker.xcdatamodeld in Sources */,
				327B233324855BD700D56A73 /* ContentView.swift in Sources */,
				327B232E24855BD700D56A73 /* SceneDelegate.swift in Sources */,
			);
			runOnlyForDeploymentPostprocessing = 0;
		};
		327B233D24855BDB00D56A73 /* Sources */ = {
			isa = PBXSourcesBuildPhase;
			buildActionMask = 2147483647;
			files = (
				327B234624855BDB00D56A73 /* Time_TrackerTests.swift in Sources */,
			);
			runOnlyForDeploymentPostprocessing = 0;
		};
		327B234824855BDB00D56A73 /* Sources */ = {
			isa = PBXSourcesBuildPhase;
			buildActionMask = 2147483647;
			files = (
				327B235124855BDB00D56A73 /* Time_TrackerUITests.swift in Sources */,
			);
			runOnlyForDeploymentPostprocessing = 0;
		};
/* End PBXSourcesBuildPhase section */

/* Begin PBXTargetDependency section */
		327B234324855BDB00D56A73 /* PBXTargetDependency */ = {
			isa = PBXTargetDependency;
			target = 327B232724855BD700D56A73 /* Time Tracker */;
			targetProxy = 327B234224855BDB00D56A73 /* PBXContainerItemProxy */;
		};
		327B234E24855BDB00D56A73 /* PBXTargetDependency */ = {
			isa = PBXTargetDependency;
			target = 327B232724855BD700D56A73 /* Time Tracker */;
			targetProxy = 327B234D24855BDB00D56A73 /* PBXContainerItemProxy */;
		};
/* End PBXTargetDependency section */

/* Begin PBXVariantGroup section */
		327B233924855BDA00D56A73 /* LaunchScreen.storyboard */ = {
			isa = PBXVariantGroup;
			children = (
				327B233A24855BDA00D56A73 /* Base */,
			);
			name = LaunchScreen.storyboard;
			sourceTree = "<group>";
		};
/* End PBXVariantGroup section */

/* Begin XCBuildConfiguration section */
		327B235324855BDB00D56A73 /* Debug */ = {
			isa = XCBuildConfiguration;
			buildSettings = {
				ALWAYS_SEARCH_USER_PATHS = NO;
				CLANG_ANALYZER_NONNULL = YES;
				CLANG_ANALYZER_NUMBER_OBJECT_CONVERSION = YES_AGGRESSIVE;
				CLANG_CXX_LANGUAGE_STANDARD = "gnu++14";
				CLANG_CXX_LIBRARY = "libc++";
				CLANG_ENABLE_MODULES = YES;
				CLANG_ENABLE_OBJC_ARC = YES;
				CLANG_ENABLE_OBJC_WEAK = YES;
				CLANG_WARN_BLOCK_CAPTURE_AUTORELEASING = YES;
				CLANG_WARN_BOOL_CONVERSION = YES;
				CLANG_WARN_COMMA = YES;
				CLANG_WARN_CONSTANT_CONVERSION = YES;
				CLANG_WARN_DEPRECATED_OBJC_IMPLEMENTATIONS = YES;
				CLANG_WARN_DIRECT_OBJC_ISA_USAGE = YES_ERROR;
				CLANG_WARN_DOCUMENTATION_COMMENTS = YES;
				CLANG_WARN_EMPTY_BODY = YES;
				CLANG_WARN_ENUM_CONVERSION = YES;
				CLANG_WARN_INFINITE_RECURSION = YES;
				CLANG_WARN_INT_CONVERSION = YES;
				CLANG_WARN_NON_LITERAL_NULL_CONVERSION = YES;
				CLANG_WARN_OBJC_IMPLICIT_RETAIN_SELF = YES;
				CLANG_WARN_OBJC_LITERAL_CONVERSION = YES;
				CLANG_WARN_OBJC_ROOT_CLASS = YES_ERROR;
				CLANG_WARN_RANGE_LOOP_ANALYSIS = YES;
				CLANG_WARN_STRICT_PROTOTYPES = YES;
				CLANG_WARN_SUSPICIOUS_MOVE = YES;
				CLANG_WARN_UNGUARDED_AVAILABILITY = YES_AGGRESSIVE;
				CLANG_WARN_UNREACHABLE_CODE = YES;
				CLANG_WARN__DUPLICATE_METHOD_MATCH = YES;
				COPY_PHASE_STRIP = NO;
				DEBUG_INFORMATION_FORMAT = dwarf;
				ENABLE_STRICT_OBJC_MSGSEND = YES;
				ENABLE_TESTABILITY = YES;
				GCC_C_LANGUAGE_STANDARD = gnu11;
				GCC_DYNAMIC_NO_PIC = NO;
				GCC_NO_COMMON_BLOCKS = YES;
				GCC_OPTIMIZATION_LEVEL = 0;
				GCC_PREPROCESSOR_DEFINITIONS = (
					"DEBUG=1",
					"$(inherited)",
				);
				GCC_WARN_64_TO_32_BIT_CONVERSION = YES;
				GCC_WARN_ABOUT_RETURN_TYPE = YES_ERROR;
				GCC_WARN_UNDECLARED_SELECTOR = YES;
				GCC_WARN_UNINITIALIZED_AUTOS = YES_AGGRESSIVE;
				GCC_WARN_UNUSED_FUNCTION = YES;
				GCC_WARN_UNUSED_VARIABLE = YES;
				IPHONEOS_DEPLOYMENT_TARGET = 13.5;
				MTL_ENABLE_DEBUG_INFO = INCLUDE_SOURCE;
				MTL_FAST_MATH = YES;
				ONLY_ACTIVE_ARCH = YES;
				SDKROOT = iphoneos;
				SWIFT_ACTIVE_COMPILATION_CONDITIONS = DEBUG;
				SWIFT_OPTIMIZATION_LEVEL = "-Onone";
			};
			name = Debug;
		};
		327B235424855BDB00D56A73 /* Release */ = {
			isa = XCBuildConfiguration;
			buildSettings = {
				ALWAYS_SEARCH_USER_PATHS = NO;
				CLANG_ANALYZER_NONNULL = YES;
				CLANG_ANALYZER_NUMBER_OBJECT_CONVERSION = YES_AGGRESSIVE;
				CLANG_CXX_LANGUAGE_STANDARD = "gnu++14";
				CLANG_CXX_LIBRARY = "libc++";
				CLANG_ENABLE_MODULES = YES;
				CLANG_ENABLE_OBJC_ARC = YES;
				CLANG_ENABLE_OBJC_WEAK = YES;
				CLANG_WARN_BLOCK_CAPTURE_AUTORELEASING = YES;
				CLANG_WARN_BOOL_CONVERSION = YES;
				CLANG_WARN_COMMA = YES;
				CLANG_WARN_CONSTANT_CONVERSION = YES;
				CLANG_WARN_DEPRECATED_OBJC_IMPLEMENTATIONS = YES;
				CLANG_WARN_DIRECT_OBJC_ISA_USAGE = YES_ERROR;
				CLANG_WARN_DOCUMENTATION_COMMENTS = YES;
				CLANG_WARN_EMPTY_BODY = YES;
				CLANG_WARN_ENUM_CONVERSION = YES;
				CLANG_WARN_INFINITE_RECURSION = YES;
				CLANG_WARN_INT_CONVERSION = YES;
				CLANG_WARN_NON_LITERAL_NULL_CONVERSION = YES;
				CLANG_WARN_OBJC_IMPLICIT_RETAIN_SELF = YES;
				CLANG_WARN_OBJC_LITERAL_CONVERSION = YES;
				CLANG_WARN_OBJC_ROOT_CLASS = YES_ERROR;
				CLANG_WARN_RANGE_LOOP_ANALYSIS = YES;
				CLANG_WARN_STRICT_PROTOTYPES = YES;
				CLANG_WARN_SUSPICIOUS_MOVE = YES;
				CLANG_WARN_UNGUARDED_AVAILABILITY = YES_AGGRESSIVE;
				CLANG_WARN_UNREACHABLE_CODE = YES;
				CLANG_WARN__DUPLICATE_METHOD_MATCH = YES;
				COPY_PHASE_STRIP = NO;
				DEBUG_INFORMATION_FORMAT = "dwarf-with-dsym";
				ENABLE_NS_ASSERTIONS = NO;
				ENABLE_STRICT_OBJC_MSGSEND = YES;
				GCC_C_LANGUAGE_STANDARD = gnu11;
				GCC_NO_COMMON_BLOCKS = YES;
				GCC_WARN_64_TO_32_BIT_CONVERSION = YES;
				GCC_WARN_ABOUT_RETURN_TYPE = YES_ERROR;
				GCC_WARN_UNDECLARED_SELECTOR = YES;
				GCC_WARN_UNINITIALIZED_AUTOS = YES_AGGRESSIVE;
				GCC_WARN_UNUSED_FUNCTION = YES;
				GCC_WARN_UNUSED_VARIABLE = YES;
				IPHONEOS_DEPLOYMENT_TARGET = 13.5;
				MTL_ENABLE_DEBUG_INFO = NO;
				MTL_FAST_MATH = YES;
				SDKROOT = iphoneos;
				SWIFT_COMPILATION_MODE = wholemodule;
				SWIFT_OPTIMIZATION_LEVEL = "-O";
				VALIDATE_PRODUCT = YES;
			};
			name = Release;
		};
		327B235624855BDB00D56A73 /* Debug */ = {
			isa = XCBuildConfiguration;
			buildSettings = {
				ASSETCATALOG_COMPILER_APPICON_NAME = AppIcon;
				CODE_SIGN_ENTITLEMENTS = "Time Tracker/Time Tracker.entitlements";
				"CODE_SIGN_IDENTITY[sdk=macosx*]" = "Apple Development";
				CODE_SIGN_STYLE = Automatic;
				DEVELOPMENT_ASSET_PATHS = "\"Time Tracker/Preview Content\"";
				DEVELOPMENT_TEAM = 638938BCN4;
				ENABLE_PREVIEWS = YES;
				INFOPLIST_FILE = "Time Tracker/Info.plist";
				LD_RUNPATH_SEARCH_PATHS = (
					"$(inherited)",
					"@executable_path/Frameworks",
				);
				PRODUCT_BUNDLE_IDENTIFIER = "com.manu8d.time-tracker";
				PRODUCT_NAME = "$(TARGET_NAME)";
				SUPPORTS_MACCATALYST = YES;
				SWIFT_VERSION = 5.0;
				TARGETED_DEVICE_FAMILY = "1,2";
			};
			name = Debug;
		};
		327B235724855BDB00D56A73 /* Release */ = {
			isa = XCBuildConfiguration;
			buildSettings = {
				ASSETCATALOG_COMPILER_APPICON_NAME = AppIcon;
				CODE_SIGN_ENTITLEMENTS = "Time Tracker/Time Tracker.entitlements";
				"CODE_SIGN_IDENTITY[sdk=macosx*]" = "Apple Development";
				CODE_SIGN_STYLE = Automatic;
				DEVELOPMENT_ASSET_PATHS = "\"Time Tracker/Preview Content\"";
				DEVELOPMENT_TEAM = 638938BCN4;
				ENABLE_PREVIEWS = YES;
				INFOPLIST_FILE = "Time Tracker/Info.plist";
				LD_RUNPATH_SEARCH_PATHS = (
					"$(inherited)",
					"@executable_path/Frameworks",
				);
				PRODUCT_BUNDLE_IDENTIFIER = "com.manu8d.time-tracker";
				PRODUCT_NAME = "$(TARGET_NAME)";
				SUPPORTS_MACCATALYST = YES;
				SWIFT_VERSION = 5.0;
				TARGETED_DEVICE_FAMILY = "1,2";
			};
			name = Release;
		};
		327B235924855BDB00D56A73 /* Debug */ = {
			isa = XCBuildConfiguration;
			buildSettings = {
				ALWAYS_EMBED_SWIFT_STANDARD_LIBRARIES = YES;
				BUNDLE_LOADER = "$(TEST_HOST)";
				CODE_SIGN_STYLE = Automatic;
				DEVELOPMENT_TEAM = 8975SUB96H;
				INFOPLIST_FILE = "Time TrackerTests/Info.plist";
				IPHONEOS_DEPLOYMENT_TARGET = 13.5;
				LD_RUNPATH_SEARCH_PATHS = (
					"$(inherited)",
					"@executable_path/Frameworks",
					"@loader_path/Frameworks",
				);
				PRODUCT_BUNDLE_IDENTIFIER = "schwandt.Time-TrackerTests";
				PRODUCT_NAME = "$(TARGET_NAME)";
				SWIFT_VERSION = 5.0;
				TARGETED_DEVICE_FAMILY = "1,2";
				TEST_HOST = "$(BUILT_PRODUCTS_DIR)/Time Tracker.app/Time Tracker";
			};
			name = Debug;
		};
		327B235A24855BDB00D56A73 /* Release */ = {
			isa = XCBuildConfiguration;
			buildSettings = {
				ALWAYS_EMBED_SWIFT_STANDARD_LIBRARIES = YES;
				BUNDLE_LOADER = "$(TEST_HOST)";
				CODE_SIGN_STYLE = Automatic;
				DEVELOPMENT_TEAM = 8975SUB96H;
				INFOPLIST_FILE = "Time TrackerTests/Info.plist";
				IPHONEOS_DEPLOYMENT_TARGET = 13.5;
				LD_RUNPATH_SEARCH_PATHS = (
					"$(inherited)",
					"@executable_path/Frameworks",
					"@loader_path/Frameworks",
				);
				PRODUCT_BUNDLE_IDENTIFIER = "schwandt.Time-TrackerTests";
				PRODUCT_NAME = "$(TARGET_NAME)";
				SWIFT_VERSION = 5.0;
				TARGETED_DEVICE_FAMILY = "1,2";
				TEST_HOST = "$(BUILT_PRODUCTS_DIR)/Time Tracker.app/Time Tracker";
			};
			name = Release;
		};
		327B235C24855BDB00D56A73 /* Debug */ = {
			isa = XCBuildConfiguration;
			buildSettings = {
				ALWAYS_EMBED_SWIFT_STANDARD_LIBRARIES = YES;
				CODE_SIGN_STYLE = Automatic;
				DEVELOPMENT_TEAM = 8975SUB96H;
				INFOPLIST_FILE = "Time TrackerUITests/Info.plist";
				LD_RUNPATH_SEARCH_PATHS = (
					"$(inherited)",
					"@executable_path/Frameworks",
					"@loader_path/Frameworks",
				);
				PRODUCT_BUNDLE_IDENTIFIER = "schwandt.Time-TrackerUITests";
				PRODUCT_NAME = "$(TARGET_NAME)";
				SWIFT_VERSION = 5.0;
				TARGETED_DEVICE_FAMILY = "1,2";
				TEST_TARGET_NAME = "Time Tracker";
			};
			name = Debug;
		};
		327B235D24855BDB00D56A73 /* Release */ = {
			isa = XCBuildConfiguration;
			buildSettings = {
				ALWAYS_EMBED_SWIFT_STANDARD_LIBRARIES = YES;
				CODE_SIGN_STYLE = Automatic;
				DEVELOPMENT_TEAM = 8975SUB96H;
				INFOPLIST_FILE = "Time TrackerUITests/Info.plist";
				LD_RUNPATH_SEARCH_PATHS = (
					"$(inherited)",
					"@executable_path/Frameworks",
					"@loader_path/Frameworks",
				);
				PRODUCT_BUNDLE_IDENTIFIER = "schwandt.Time-TrackerUITests";
				PRODUCT_NAME = "$(TARGET_NAME)";
				SWIFT_VERSION = 5.0;
				TARGETED_DEVICE_FAMILY = "1,2";
				TEST_TARGET_NAME = "Time Tracker";
			};
			name = Release;
		};
/* End XCBuildConfiguration section */

/* Begin XCConfigurationList section */
		327B232324855BD700D56A73 /* Build configuration list for PBXProject "Time Tracker" */ = {
			isa = XCConfigurationList;
			buildConfigurations = (
				327B235324855BDB00D56A73 /* Debug */,
				327B235424855BDB00D56A73 /* Release */,
			);
			defaultConfigurationIsVisible = 0;
			defaultConfigurationName = Release;
		};
		327B235524855BDB00D56A73 /* Build configuration list for PBXNativeTarget "Time Tracker" */ = {
			isa = XCConfigurationList;
			buildConfigurations = (
				327B235624855BDB00D56A73 /* Debug */,
				327B235724855BDB00D56A73 /* Release */,
			);
			defaultConfigurationIsVisible = 0;
			defaultConfigurationName = Release;
		};
		327B235824855BDB00D56A73 /* Build configuration list for PBXNativeTarget "Time TrackerTests" */ = {
			isa = XCConfigurationList;
			buildConfigurations = (
				327B235924855BDB00D56A73 /* Debug */,
				327B235A24855BDB00D56A73 /* Release */,
			);
			defaultConfigurationIsVisible = 0;
			defaultConfigurationName = Release;
		};
		327B235B24855BDB00D56A73 /* Build configuration list for PBXNativeTarget "Time TrackerUITests" */ = {
			isa = XCConfigurationList;
			buildConfigurations = (
				327B235C24855BDB00D56A73 /* Debug */,
				327B235D24855BDB00D56A73 /* Release */,
			);
			defaultConfigurationIsVisible = 0;
			defaultConfigurationName = Release;
		};
/* End XCConfigurationList section */

/* Begin XCVersionGroup section */
		327B232F24855BD700D56A73 /* Time_Tracker.xcdatamodeld */ = {
			isa = XCVersionGroup;
			children = (
				327B233024855BD700D56A73 /* Time_Tracker.xcdatamodel */,
			);
			currentVersion = 327B233024855BD700D56A73 /* Time_Tracker.xcdatamodel */;
			path = Time_Tracker.xcdatamodeld;
			sourceTree = "<group>";
			versionGroupType = wrapper.xcdatamodel;
		};
/* End XCVersionGroup section */
	};
	rootObject = 327B232024855BD700D56A73 /* Project object */;
}
